
Microsoft Visual Studio Solution File, Format Version 12.00
# Visual Studio Version 17
VisualStudioVersion = 17.5.002.0
MinimumVisualStudioVersion = 10.0.40219.1
Project("{9A19103F-16F7-4668-BE54-9A1E7A4F7556}") = "DesafioPOO", "DesafioPOO.csproj", "{56D49902-EE39-44B2-AC0F-1B88544CAE2D}"
EndProject
Global
	GlobalSection(SolutionConfigurationPlatforms) = preSolution
		Debug|Any CPU = Debug|Any CPU
		Release|Any CPU = Release|Any CPU
	EndGlobalSection
	GlobalSection(ProjectConfigurationPlatforms) = postSolution
		{56D49902-EE39-44B2-AC0F-1B88544CAE2D}.Debug|Any CPU.ActiveCfg = Debug|Any CPU
		{56D49902-EE39-44B2-AC0F-1B88544CAE2D}.Debug|Any CPU.Build.0 = Debug|Any CPU
		{56D49902-EE39-44B2-AC0F-1B88544CAE2D}.Release|Any CPU.ActiveCfg = Release|Any CPU
		{56D49902-EE39-44B2-AC0F-1B88544CAE2D}.Release|Any CPU.Build.0 = Release|Any CPU
	EndGlobalSection
	GlobalSection(SolutionProperties) = preSolution
		HideSolutionNode = FALSE
	EndGlobalSection
	GlobalSection(ExtensibilityGlobals) = postSolution
		SolutionGuid = {5A5BF4B4-D4EC-469F-B8F7-8423D3D253E6}
	EndGlobalSection
EndGlobal
